
Microsoft Visual Studio Solution File, Format Version 12.00
# Visual Studio Version 16
VisualStudioVersion = 16.0.810.22
MinimumVisualStudioVersion = 10.0.40219.1
Project("{FAE04EC0-301F-11D3-BF4B-00C04F79EFBC}") = "CSharpNeuralNetworkExample", "CSharpNeuralNetworkExample\CSharpNeuralNetworkExample.csproj", "{7C3ABF17-3D3F-4D31-BEAA-81A4B2E18E72}"
EndProject
Project("{FAE04EC0-301F-11D3-BF4B-00C04F79EFBC}") = "ExampleUsage", "ExampleUsage\ExampleUsage.csproj", "{1333E3D8-CFFB-4C43-A721-060D5D697FEA}"
EndProject
Global
	GlobalSection(SolutionConfigurationPlatforms) = preSolution
		Debug|Any CPU = Debug|Any CPU
		Release|Any CPU = Release|Any CPU
	EndGlobalSection
	GlobalSection(ProjectConfigurationPlatforms) = postSolution
		{7C3ABF17-3D3F-4D31-BEAA-81A4B2E18E72}.Debug|Any CPU.ActiveCfg = Debug|Any CPU
		{7C3ABF17-3D3F-4D31-BEAA-81A4B2E18E72}.Debug|Any CPU.Build.0 = Debug|Any CPU
		{7C3ABF17-3D3F-4D31-BEAA-81A4B2E18E72}.Release|Any CPU.ActiveCfg = Release|Any CPU
		{7C3ABF17-3D3F-4D31-BEAA-81A4B2E18E72}.Release|Any CPU.Build.0 = Release|Any CPU
		{1333E3D8-CFFB-4C43-A721-060D5D697FEA}.Debug|Any CPU.ActiveCfg = Debug|Any CPU
		{1333E3D8-CFFB-4C43-A721-060D5D697FEA}.Debug|Any CPU.Build.0 = Debug|Any CPU
		{1333E3D8-CFFB-4C43-A721-060D5D697FEA}.Release|Any CPU.ActiveCfg = Release|Any CPU
		{1333E3D8-CFFB-4C43-A721-060D5D697FEA}.Release|Any CPU.Build.0 = Release|Any CPU
	EndGlobalSection
	GlobalSection(SolutionProperties) = preSolution
		HideSolutionNode = FALSE
	EndGlobalSection
	GlobalSection(ExtensibilityGlobals) = postSolution
		SolutionGuid = {2D4D7290-E013-41A0-B973-041EF928F4D8}
	EndGlobalSection
EndGlobal
